
Microsoft Visual Studio Solution File, Format Version 12.00
# Visual Studio Version 16
VisualStudioVersion = 16.0.28803.202
MinimumVisualStudioVersion = 10.0.40219.1
Project("{FAE04EC0-301F-11D3-BF4B-00C04F79EFBC}") = "Animals.UI", "Animals.UI\Animals.UI.csproj", "{B5078B2F-594C-4681-B486-606EA5076A63}"
EndProject
Project("{FAE04EC0-301F-11D3-BF4B-00C04F79EFBC}") = "Animals.Library", "Animals.Library\Animals.Library.csproj", "{C551A3D3-7B8C-4CE4-8BCE-F5DCAEB2F504}"
EndProject
Global
	GlobalSection(SolutionConfigurationPlatforms) = preSolution
		Debug|Any CPU = Debug|Any CPU
		Release|Any CPU = Release|Any CPU
	EndGlobalSection
	GlobalSection(ProjectConfigurationPlatforms) = postSolution
		{B5078B2F-594C-4681-B486-606EA5076A63}.Debug|Any CPU.ActiveCfg = Debug|Any CPU
		{B5078B2F-594C-4681-B486-606EA5076A63}.Debug|Any CPU.Build.0 = Debug|Any CPU
		{B5078B2F-594C-4681-B486-606EA5076A63}.Release|Any CPU.ActiveCfg = Release|Any CPU
		{B5078B2F-594C-4681-B486-606EA5076A63}.Release|Any CPU.Build.0 = Release|Any CPU
		{C551A3D3-7B8C-4CE4-8BCE-F5DCAEB2F504}.Debug|Any CPU.ActiveCfg = Debug|Any CPU
		{C551A3D3-7B8C-4CE4-8BCE-F5DCAEB2F504}.Debug|Any CPU.Build.0 = Debug|Any CPU
		{C551A3D3-7B8C-4CE4-8BCE-F5DCAEB2F504}.Release|Any CPU.ActiveCfg = Release|Any CPU
		{C551A3D3-7B8C-4CE4-8BCE-F5DCAEB2F504}.Release|Any CPU.Build.0 = Release|Any CPU
	EndGlobalSection
	GlobalSection(SolutionProperties) = preSolution
		HideSolutionNode = FALSE
	EndGlobalSection
	GlobalSection(ExtensibilityGlobals) = postSolution
		SolutionGuid = {2575A046-5BF3-49BD-82D0-103C21E69EB1}
	EndGlobalSection
EndGlobal
